
Microsoft Visual Studio Solution File, Format Version 12.00
# Visual Studio Version 17
VisualStudioVersion = 17.12.35728.132
MinimumVisualStudioVersion = 10.0.40219.1
Project("{FAE04EC0-301F-11D3-BF4B-00C04F79EFBC}") = "HNPS_GigantismPlus", "HNPS_GigantismPlus.csproj", "{BB73F51A-E9F2-4AB3-AF7E-262FA17997A8}"
EndProject
Global
	GlobalSection(SolutionConfigurationPlatforms) = preSolution
		Debug|Any CPU = Debug|Any CPU
		Release|Any CPU = Release|Any CPU
	EndGlobalSection
	GlobalSection(ProjectConfigurationPlatforms) = postSolution
		{BB73F51A-E9F2-4AB3-AF7E-262FA17997A8}.Debug|Any CPU.ActiveCfg = Debug|Any CPU
		{BB73F51A-E9F2-4AB3-AF7E-262FA17997A8}.Debug|Any CPU.Build.0 = Debug|Any CPU
		{BB73F51A-E9F2-4AB3-AF7E-262FA17997A8}.Release|Any CPU.ActiveCfg = Release|Any CPU
		{BB73F51A-E9F2-4AB3-AF7E-262FA17997A8}.Release|Any CPU.Build.0 = Release|Any CPU
	EndGlobalSection
	GlobalSection(SolutionProperties) = preSolution
		HideSolutionNode = FALSE
	EndGlobalSection
	GlobalSection(ExtensibilityGlobals) = postSolution
		SolutionGuid = {6EC4EAB5-7D2F-4FBD-A579-E774BB02B613}
	EndGlobalSection
EndGlobal
